{
  "name": "coinflip",
  "version": "1.0.0",
  "lockfileVersion": 3,
  "requires": true,
  "packages": {
    "": {
      "name": "coinflip",
      "version": "1.0.0",
      "license": "ISC",
      "dependencies": {
        "luck": "github:Modelcode-ai/luck"
      }
    },
    "node_modules/luck": {
      "version": "1.0.0",
      "resolved": "git+ssh://git@github.com/Modelcode-ai/luck.git#65d1ffec2be26457cf7809c036a9e37e2879ef41"
    }
  }
}
